
Microsoft Visual Studio Solution File, Format Version 12.00
# Visual Studio Version 17
VisualStudioVersion = 17.7.34221.43
MinimumVisualStudioVersion = 10.0.40219.1
Project("{FAE04EC0-301F-11D3-BF4B-00C04F79EFBC}") = "SaveFileFramework", "SaveFileFramework\SaveFileFramework.csproj", "{921C4764-13EF-4C68-9ED1-75ECB16F4937}"
EndProject
Global
	GlobalSection(SolutionConfigurationPlatforms) = preSolution
		Debug|Any CPU = Debug|Any CPU
		Release|Any CPU = Release|Any CPU
	EndGlobalSection
	GlobalSection(ProjectConfigurationPlatforms) = postSolution
		{921C4764-13EF-4C68-9ED1-75ECB16F4937}.Debug|Any CPU.ActiveCfg = Debug|Any CPU
		{921C4764-13EF-4C68-9ED1-75ECB16F4937}.Debug|Any CPU.Build.0 = Debug|Any CPU
		{921C4764-13EF-4C68-9ED1-75ECB16F4937}.Release|Any CPU.ActiveCfg = Release|Any CPU
		{921C4764-13EF-4C68-9ED1-75ECB16F4937}.Release|Any CPU.Build.0 = Release|Any CPU
	EndGlobalSection
	GlobalSection(SolutionProperties) = preSolution
		HideSolutionNode = FALSE
	EndGlobalSection
	GlobalSection(ExtensibilityGlobals) = postSolution
		SolutionGuid = {1DB6D2DE-99A7-430A-8912-C953E48F6029}
	EndGlobalSection
EndGlobal
